
Microsoft Visual Studio Solution File, Format Version 12.00
# Visual Studio 2012
Project("{8BC9CEB8-8B4A-11D0-8D11-00A0C91BC942}") = "iFitWPL", "iFitWPL.vcxproj", "{C3F71E3A-A6AF-4AE6-AD81-E5D1D60EE1CC}"
EndProject
Global
	GlobalSection(SolutionConfigurationPlatforms) = preSolution
		Debug|Win32 = Debug|Win32
		Debug|x64 = Debug|x64
		Release|Win32 = Release|Win32
		Release|x64 = Release|x64
	EndGlobalSection
	GlobalSection(ProjectConfigurationPlatforms) = postSolution
		{C3F71E3A-A6AF-4AE6-AD81-E5D1D60EE1CC}.Debug|Win32.ActiveCfg = Debug|Win32
		{C3F71E3A-A6AF-4AE6-AD81-E5D1D60EE1CC}.Debug|Win32.Build.0 = Debug|Win32
		{C3F71E3A-A6AF-4AE6-AD81-E5D1D60EE1CC}.Debug|x64.ActiveCfg = Debug|x64
		{C3F71E3A-A6AF-4AE6-AD81-E5D1D60EE1CC}.Debug|x64.Build.0 = Debug|x64
		{C3F71E3A-A6AF-4AE6-AD81-E5D1D60EE1CC}.Release|Win32.ActiveCfg = Release|Win32
		{C3F71E3A-A6AF-4AE6-AD81-E5D1D60EE1CC}.Release|Win32.Build.0 = Release|Win32
		{C3F71E3A-A6AF-4AE6-AD81-E5D1D60EE1CC}.Release|x64.ActiveCfg = Release|x64
		{C3F71E3A-A6AF-4AE6-AD81-E5D1D60EE1CC}.Release|x64.Build.0 = Release|x64
	EndGlobalSection
	GlobalSection(SolutionProperties) = preSolution
		HideSolutionNode = FALSE
	EndGlobalSection
EndGlobal
